{
  "name": "dsh-koein",
  "version": "0.1.0",
  "lockfileVersion": 3,
  "requires": true,
  "packages": {
    "": {
      "name": "dsh-koein",
      "version": "0.1.0",
      "license": "MIT",
      "dependencies": {
        "@deepseek-ai/schemastery": "^3.18.2",
        "pinyin-pro": "^3.27.0",
        "sherpa-onnx-node": "^1.13.7",
        "ws": "^8.21.3"
      },
      "devDependencies": {
        "react": "^18.3.1",
        "react-dom": "^18.3.1"
      },
      "engines": {
        "node": "^22.19.0 || >=24.0.0"
      },
      "peerDependencies": {
        "@deepseek-ai/cordis": "^4.0.2"
      }
    },
    "node_modules/@deepseek-ai/cosmokit": {
      "version": "1.8.3",
      "resolved": "https://registry.npmmirror.com/@deepseek-ai/cosmokit/-/cosmokit-1.8.3.tgz",
      "integrity": "sha512-qBo+ronVM6Eu2WNVJXi8JcMiqZ19T9BRIpV+5qJUFPXjGH/Z0QKcQMC/IZJ7L394YTOtJgcovbk9qP0w2GsBXQ==",
      "license": "MIT"
    },
    "node_modules/@deepseek-ai/schemastery": {
      "version": "3.18.2",
      "resolved": "https://registry.npmmirror.com/@deepseek-ai/schemastery/-/schemastery-3.18.2.tgz",
      "integrity": "sha512-njDtZsznjYxok7KLLlHOPyuv2efdWVbSflAHgztSfbMsg+CVraEoRe2DjOCgClYv3ZCSm7WXoaUkbB/+RY7tWQ==",
      "license": "MIT",
      "dependencies": {
        "@deepseek-ai/cosmokit": "^1.8.3",
        "@standard-schema/spec": "^1.1.0"
      }
    },
    "node_modules/@standard-schema/spec": {
      "version": "1.1.0",
      "resolved": "https://registry.npmmirror.com/@standard-schema/spec/-/spec-1.1.0.tgz",
      "integrity": "sha512-l2aFy5jALhniG5HgqrD6jXLi/rUWrKvqN/qJx6yoJsgKhblVd+iqqU4RCXavm/jPityDo5TCvKMnpjKnOriy0w==",
      "license": "MIT"
    },
    "node_modules/js-tokens": {
      "version": "4.0.0",
      "resolved": "https://registry.npmmirror.com/js-tokens/-/js-tokens-4.0.0.tgz",
      "integrity": "sha512-RdJUflcE3cUzKiMqQgsCu06FPu9UdIJO0beYbPhHN4k6apgJtifcoCtT9bcxOpYBtpD2kCM6Sbzg4CausW/PKQ==",
      "dev": true,
      "license": "MIT"
    },
    "node_modules/loose-envify": {
      "version": "1.4.0",
      "resolved": "https://registry.npmmirror.com/loose-envify/-/loose-envify-1.4.0.tgz",
      "integrity": "sha512-lyuxPGr/Wfhrlem2CL/UcnUc1zcqKAImBDzukY7Y5F/yQiNdko6+fRLevlw1HgMySw7f611UIY408EtxRSoK3Q==",
      "dev": true,
      "license": "MIT",
      "dependencies": {
        "js-tokens": "^3.0.0 || ^4.0.0"
      },
      "bin": {
        "loose-envify": "cli.js"
      }
    },
    "node_modules/pinyin-pro": {
      "version": "3.29.3",
      "resolved": "https://registry.npmmirror.com/pinyin-pro/-/pinyin-pro-3.29.3.tgz",
      "integrity": "sha512-+UU9bx6vfDw8amOJGHm0TE0rdQl8VPylsDWviQ5OOQ3e+on1xRP4OqDbiDuMT5OISgvfl/Y6ez1BBRaIP80GLQ==",
      "license": "MIT"
    },
    "node_modules/react": {
      "version": "18.3.1",
      "resolved": "https://registry.npmmirror.com/react/-/react-18.3.1.tgz",
      "integrity": "sha512-wS+hAgJShR0KhEvPJArfuPVN1+Hz1t0Y6n5jLrGQbkb4urgPE/0Rve+1kMB1v/oWgHgm4WIcV+i7F2pTVj+2iQ==",
      "dev": true,
      "license": "MIT",
      "dependencies": {
        "loose-envify": "^1.1.0"
      },
      "engines": {
        "node": ">=0.10.0"
      }
    },
    "node_modules/react-dom": {
      "version": "18.3.1",
      "resolved": "https://registry.npmmirror.com/react-dom/-/react-dom-18.3.1.tgz",
      "integrity": "sha512-5m4nQKp+rZRb09LNH59GM4BxTh9251/ylbKIbpe7TpGxfJ+9kv6BLkLBXIjjspbgbnIBNqlI23tRnTWT0snUIw==",
      "dev": true,
      "license": "MIT",
      "dependencies": {
        "loose-envify": "^1.1.0",
        "scheduler": "^0.23.2"
      },
      "peerDependencies": {
        "react": "^18.3.1"
      }
    },
    "node_modules/scheduler": {
      "version": "0.23.2",
      "resolved": "https://registry.npmmirror.com/scheduler/-/scheduler-0.23.2.tgz",
      "integrity": "sha512-UOShsPwz7NrMUqhR6t0hWjFduvOzbtv7toDH1/hIrfRNIDBnnBWd0CwJTGvTpngVlmwGCdP9/Zl/tVrDqcuYzQ==",
      "dev": true,
      "license": "MIT",
      "dependencies": {
        "loose-envify": "^1.1.0"
      }
    },
    "node_modules/sherpa-onnx-darwin-arm64": {
      "version": "1.13.7",
      "resolved": "https://registry.npmmirror.com/sherpa-onnx-darwin-arm64/-/sherpa-onnx-darwin-arm64-1.13.7.tgz",
      "integrity": "sha512-5NCE50hAvr3n2pdett0SgfPBJXaFZE0bqHwbHyiq+IKZ8Ids0l4M0VrG+ImGYIafCwie+oC3uAJ+pKj9xg/k+w==",
      "cpu": [
        "arm64"
      ],
      "license": "Apache-2.0",
      "optional": true,
      "os": [
        "darwin"
      ]
    },
    "node_modules/sherpa-onnx-linux-arm64": {
      "version": "1.13.7",
      "resolved": "https://registry.npmmirror.com/sherpa-onnx-linux-arm64/-/sherpa-onnx-linux-arm64-1.13.7.tgz",
      "integrity": "sha512-TFCVpXyTh69buhOtTS8KIfkRXOVKY4Y1qjAktSItrKS4A0chnnrlXO5bKWoNAPeI6fMxTF/uvMYbYgcvjEMfNg==",
      "cpu": [
        "arm64"
      ],
      "license": "Apache-2.0",
      "optional": true,
      "os": [
        "linux"
      ]
    },
    "node_modules/sherpa-onnx-linux-x64": {
      "version": "1.13.7",
      "resolved": "https://registry.npmmirror.com/sherpa-onnx-linux-x64/-/sherpa-onnx-linux-x64-1.13.7.tgz",
      "integrity": "sha512-npmxn5WwmAmlthgBhmbZ33t3i2j4mJwQt46dMEb3j7d41y1/uJrjrVAfa/DkvV+vn49ZWfcQ2UEWDipaZBVhuw==",
      "cpu": [
        "x64"
      ],
      "license": "Apache-2.0",
      "optional": true,
      "os": [
        "linux"
      ]
    },
    "node_modules/sherpa-onnx-node": {
      "version": "1.13.7",
      "resolved": "https://registry.npmmirror.com/sherpa-onnx-node/-/sherpa-onnx-node-1.13.7.tgz",
      "integrity": "sha512-0XGV7arGngBCnol0m8OLyqlnaUm19Q1KmetVj1DDBdymXa1upmAHZDwNdN47gjsEhqE5hXUEyc1vRQoXrNhNVg==",
      "license": "Apache-2.0",
      "optionalDependencies": {
        "sherpa-onnx-darwin-arm64": "^1.13.7",
        "sherpa-onnx-darwin-x64": "^1.13.7",
        "sherpa-onnx-linux-arm64": "^1.13.7",
        "sherpa-onnx-linux-x64": "^1.13.7",
        "sherpa-onnx-win-ia32": "^1.13.7",
        "sherpa-onnx-win-x64": "^1.13.7"
      }
    },
    "node_modules/sherpa-onnx-win-ia32": {
      "version": "1.13.7",
      "resolved": "https://registry.npmmirror.com/sherpa-onnx-win-ia32/-/sherpa-onnx-win-ia32-1.13.7.tgz",
      "integrity": "sha512-sTwtpxPQ76XLn0giAbvknIDEDKD3XXi2mo2AVROEucf1pIK1DjQl+LjLkalTeFoQqbC4J3xGx/g+xgcHQD1dsw==",
      "cpu": [
        "ia32"
      ],
      "license": "Apache-2.0",
      "optional": true,
      "os": [
        "win32"
      ]
    },
    "node_modules/sherpa-onnx-win-x64": {
      "version": "1.13.7",
      "resolved": "https://registry.npmmirror.com/sherpa-onnx-win-x64/-/sherpa-onnx-win-x64-1.13.7.tgz",
      "integrity": "sha512-wBV1o+/zgsMrOjfCFIgGrH6S28xq6CqRCLSavCOjTZ6cqr80yGc07DUHxqsHFPZvfoJU+2JF5L2l3gyWFWoWdQ==",
      "cpu": [
        "x64"
      ],
      "license": "Apache-2.0",
      "optional": true,
      "os": [
        "win32"
      ]
    },
    "node_modules/ws": {
      "version": "8.21.3",
      "resolved": "https://registry.npmmirror.com/ws/-/ws-8.21.3.tgz",
      "integrity": "sha512-201TZ/kPWxoPr/OKWjquZR1SWKXcvxdH+e1xrx89b3YbmzLMFCLfnaG1HFIgWzJOEWZ7MvpK++odZufgYR50Rw==",
      "license": "MIT",
      "engines": {
        "node": ">=10.0.0"
      },
      "peerDependencies": {
        "bufferutil": "^4.0.1",
        "utf-8-validate": ">=5.0.2"
      },
      "peerDependenciesMeta": {
        "bufferutil": {
          "optional": true
        },
        "utf-8-validate": {
          "optional": true
        }
      }
    }
  }
}
